<?xml version="1.0" encoding="utf-8"?>
<Project ToolsVersion="4.0" xmlns="http://schemas.microsoft.com/developer/msbuild/2003">
  <ItemGroup>
    <Text Include="ReadMe.txt" />
  </ItemGroup>
  <ItemGroup>
    <Filter Include="System">
      <UniqueIdentifier>{712b5315-57d7-4d95-a8a3-a141158742bb}</UniqueIdentifier>
    </Filter>
    <Filter Include="Core">
      <UniqueIdentifier>{041bba9c-8df4-440a-85f9-422c23c5ee7e}</UniqueIdentifier>
    </Filter>
    <Filter Include="Geometry">
      <UniqueIdentifier>{2f17e68e-a55c-48df-b6c1-862cfab9ed3b}</UniqueIdentifier>
    </Filter>
    <Filter Include="Light">
      <UniqueIdentifier>{6c8304e8-8c76-4d46-9f22-3afb0d258158}</UniqueIdentifier>
    </Filter>
    <Filter Include="Texture">
      <UniqueIdentifier>{c6d73d81-bb75-43b9-93e8-ff4d31fee987}</UniqueIdentifier>
    </Filter>
  </ItemGroup>
  <ItemGroup>
    <ClInclude Include="Time.h">
      <Filter>System</Filter>
    </ClInclude>
    <ClInclude Include="Singleton.h" />
    <ClInclude Include="GameState.h">
      <Filter>System</Filter>
    </ClInclude>
    <ClInclude Include="Timer.h">
      <Filter>System</Filter>
    </ClInclude>
    <ClInclude Include="GameStateManager.h">
      <Filter>System</Filter>
    </ClInclude>
    <ClInclude Include="Event.h">
      <Filter>System</Filter>
    </ClInclude>
    <ClInclude Include="EventReceiver.h">
      <Filter>System</Filter>
    </ClInclude>
    <ClInclude Include="EventSender.h">
      <Filter>System</Filter>
    </ClInclude>
    <ClInclude Include="CoreManager.h">
      <Filter>Core</Filter>
    </ClInclude>
    <ClInclude Include="Direct3DDevice.h">
      <Filter>Core</Filter>
    </ClInclude>
    <ClInclude Include="WindowsApp.h">
      <Filter>Core</Filter>
    </ClInclude>
    <ClInclude Include="TimerHandle.h">
      <Filter>System</Filter>
    </ClInclude>
    <ClInclude Include="EventKeyboard.h">
      <Filter>System</Filter>
    </ClInclude>
    <ClInclude Include="EventReceiverKeyboard.h">
      <Filter>System</Filter>
    </ClInclude>
    <ClInclude Include="KeyCode.h">
      <Filter>System</Filter>
    </ClInclude>
    <ClInclude Include="EventMouse.h">
      <Filter>System</Filter>
    </ClInclude>
    <ClInclude Include="Input.h">
      <Filter>Core</Filter>
    </ClInclude>
    <ClInclude Include="MouseButton.h">
      <Filter>System</Filter>
    </ClInclude>
    <ClInclude Include="EventReceiverMouse.h">
      <Filter>System</Filter>
    </ClInclude>
    <ClInclude Include="Geometry.h">
      <Filter>Geometry</Filter>
    </ClInclude>
    <ClInclude Include="Cube.h">
      <Filter>Geometry</Filter>
    </ClInclude>
    <ClInclude Include="Vertex.h">
      <Filter>Geometry</Filter>
    </ClInclude>
    <ClInclude Include="Camera.h">
      <Filter>System</Filter>
    </ClInclude>
    <ClInclude Include="Light.h">
      <Filter>Light</Filter>
    </ClInclude>
    <ClInclude Include="Direct3DObject.h" />
    <ClInclude Include="Vector3.h" />
    <ClInclude Include="Plane.h">
      <Filter>Geometry</Filter>
    </ClInclude>
    <ClInclude Include="Texture.h">
      <Filter>Texture</Filter>
    </ClInclude>
  </ItemGroup>
  <ItemGroup>
    <ClCompile Include="Time.cpp">
      <Filter>System</Filter>
    </ClCompile>
    <ClCompile Include="Timer.cpp">
      <Filter>System</Filter>
    </ClCompile>
    <ClCompile Include="GameStateManager.cpp">
      <Filter>System</Filter>
    </ClCompile>
    <ClCompile Include="EventSender.cpp">
      <Filter>System</Filter>
    </ClCompile>
    <ClCompile Include="CoreManager.cpp">
      <Filter>Core</Filter>
    </ClCompile>
    <ClCompile Include="Direct3DDevice.cpp">
      <Filter>Core</Filter>
    </ClCompile>
    <ClCompile Include="WindowsApp.cpp">
      <Filter>Core</Filter>
    </ClCompile>
    <ClCompile Include="TimerHandle.cpp">
      <Filter>System</Filter>
    </ClCompile>
    <ClCompile Include="EventReceiverKeyboard.cpp">
      <Filter>System</Filter>
    </ClCompile>
    <ClCompile Include="Input.cpp">
      <Filter>Core</Filter>
    </ClCompile>
    <ClCompile Include="EventReceiverMouse.cpp">
      <Filter>System</Filter>
    </ClCompile>
    <ClCompile Include="Cube.cpp">
      <Filter>Geometry</Filter>
    </ClCompile>
    <ClCompile Include="Camera.cpp">
      <Filter>System</Filter>
    </ClCompile>
    <ClCompile Include="Light.cpp">
      <Filter>Light</Filter>
    </ClCompile>
    <ClCompile Include="Direct3DObject.cpp" />
    <ClCompile Include="Vector3.cpp" />
    <ClCompile Include="Plane.cpp">
      <Filter>Geometry</Filter>
    </ClCompile>
    <ClCompile Include="Geometry.cpp">
      <Filter>Geometry</Filter>
    </ClCompile>
    <ClCompile Include="Texture.cpp">
      <Filter>Texture</Filter>
    </ClCompile>
  </ItemGroup>
</Project>