<?xml version="1.0" encoding="utf-8"?>
<Project ToolsVersion="4.0" xmlns="http://schemas.microsoft.com/developer/msbuild/2003">
  <ItemGroup>
    <Text Include="ReadMe.txt" />
  </ItemGroup>
  <ItemGroup>
    <Filter Include="System">
      <UniqueIdentifier>{712b5315-57d7-4d95-a8a3-a141158742bb}</UniqueIdentifier>
    </Filter>
    <Filter Include="Core">
      <UniqueIdentifier>{041bba9c-8df4-440a-85f9-422c23c5ee7e}</UniqueIdentifier>
    </Filter>
  </ItemGroup>
  <ItemGroup>
    <ClInclude Include="Time.h">
      <Filter>System</Filter>
    </ClInclude>
    <ClInclude Include="Singleton.h" />
    <ClInclude Include="GameState.h">
      <Filter>System</Filter>
    </ClInclude>
    <ClInclude Include="Timer.h">
      <Filter>System</Filter>
    </ClInclude>
    <ClInclude Include="GameStateManager.h">
      <Filter>System</Filter>
    </ClInclude>
    <ClInclude Include="Event.h">
      <Filter>System</Filter>
    </ClInclude>
    <ClInclude Include="EventReceiver.h">
      <Filter>System</Filter>
    </ClInclude>
    <ClInclude Include="EventSender.h">
      <Filter>System</Filter>
    </ClInclude>
    <ClInclude Include="CoreManager.h">
      <Filter>Core</Filter>
    </ClInclude>
    <ClInclude Include="Direct3DDevice.h">
      <Filter>Core</Filter>
    </ClInclude>
    <ClInclude Include="WindowsApp.h">
      <Filter>Core</Filter>
    </ClInclude>
    <ClInclude Include="TimerHandle.h">
      <Filter>System</Filter>
    </ClInclude>
    <ClInclude Include="Input.h" />
    <ClInclude Include="EventKeyboard.h">
      <Filter>System</Filter>
    </ClInclude>
    <ClInclude Include="EventReceiverKeyboard.h">
      <Filter>System</Filter>
    </ClInclude>
    <ClInclude Include="Keycode.h">
      <Filter>System</Filter>
    </ClInclude>
  </ItemGroup>
  <ItemGroup>
    <ClCompile Include="Time.cpp">
      <Filter>System</Filter>
    </ClCompile>
    <ClCompile Include="Timer.cpp">
      <Filter>System</Filter>
    </ClCompile>
    <ClCompile Include="GameStateManager.cpp">
      <Filter>System</Filter>
    </ClCompile>
    <ClCompile Include="EventSender.cpp">
      <Filter>System</Filter>
    </ClCompile>
    <ClCompile Include="CoreManager.cpp">
      <Filter>Core</Filter>
    </ClCompile>
    <ClCompile Include="Direct3DDevice.cpp">
      <Filter>Core</Filter>
    </ClCompile>
    <ClCompile Include="WindowsApp.cpp">
      <Filter>Core</Filter>
    </ClCompile>
    <ClCompile Include="TimerHandle.cpp">
      <Filter>System</Filter>
    </ClCompile>
    <ClCompile Include="Input.cpp" />
    <ClCompile Include="EventReceiverKeyboard.cpp">
      <Filter>System</Filter>
    </ClCompile>
  </ItemGroup>
</Project>